
Microsoft Visual Studio Solution File, Format Version 12.00
# Visual Studio Version 16
VisualStudioVersion = 16.0.33328.57
MinimumVisualStudioVersion = 10.0.40219.1
Project("{FAE04EC0-301F-11D3-BF4B-00C04F79EFBC}") = "DSA Project", "DSA Project\DSA Project.csproj", "{15896EEA-466D-42A5-A369-DAE6028A69E5}"
EndProject
Global
	GlobalSection(SolutionConfigurationPlatforms) = preSolution
		Debug|Any CPU = Debug|Any CPU
		Release|Any CPU = Release|Any CPU
	EndGlobalSection
	GlobalSection(ProjectConfigurationPlatforms) = postSolution
		{15896EEA-466D-42A5-A369-DAE6028A69E5}.Debug|Any CPU.ActiveCfg = Debug|Any CPU
		{15896EEA-466D-42A5-A369-DAE6028A69E5}.Debug|Any CPU.Build.0 = Debug|Any CPU
		{15896EEA-466D-42A5-A369-DAE6028A69E5}.Release|Any CPU.ActiveCfg = Release|Any CPU
		{15896EEA-466D-42A5-A369-DAE6028A69E5}.Release|Any CPU.Build.0 = Release|Any CPU
	EndGlobalSection
	GlobalSection(SolutionProperties) = preSolution
		HideSolutionNode = FALSE
	EndGlobalSection
	GlobalSection(ExtensibilityGlobals) = postSolution
		SolutionGuid = {08B0141A-C671-4E04-AACC-9E370B576135}
	EndGlobalSection
EndGlobal
